
Microsoft Visual Studio Solution File, Format Version 12.00
# Visual Studio 15
VisualStudioVersion = 15.0.28307.1401
MinimumVisualStudioVersion = 10.0.40219.1
Project("{8BC9CEB8-8B4A-11D0-8D11-00A0C91BC942}") = "Metaballs", "Metaballs\Metaballs.vcxproj", "{EF30A429-F125-4E3B-86C9-B3A5032DBD61}"
EndProject
Global
	GlobalSection(SolutionConfigurationPlatforms) = preSolution
		Debug|x64 = Debug|x64
		Debug|x86 = Debug|x86
		Release|x64 = Release|x64
		Release|x86 = Release|x86
	EndGlobalSection
	GlobalSection(ProjectConfigurationPlatforms) = postSolution
		{EF30A429-F125-4E3B-86C9-B3A5032DBD61}.Debug|x64.ActiveCfg = Debug|x64
		{EF30A429-F125-4E3B-86C9-B3A5032DBD61}.Debug|x64.Build.0 = Debug|x64
		{EF30A429-F125-4E3B-86C9-B3A5032DBD61}.Debug|x86.ActiveCfg = Debug|Win32
		{EF30A429-F125-4E3B-86C9-B3A5032DBD61}.Debug|x86.Build.0 = Debug|Win32
		{EF30A429-F125-4E3B-86C9-B3A5032DBD61}.Release|x64.ActiveCfg = Release|x64
		{EF30A429-F125-4E3B-86C9-B3A5032DBD61}.Release|x64.Build.0 = Release|x64
		{EF30A429-F125-4E3B-86C9-B3A5032DBD61}.Release|x86.ActiveCfg = Release|Win32
		{EF30A429-F125-4E3B-86C9-B3A5032DBD61}.Release|x86.Build.0 = Release|Win32
	EndGlobalSection
	GlobalSection(SolutionProperties) = preSolution
		HideSolutionNode = FALSE
	EndGlobalSection
	GlobalSection(ExtensibilityGlobals) = postSolution
		SolutionGuid = {8B39E732-109A-4973-A313-97B78034BC73}
	EndGlobalSection
EndGlobal
